# Generated by pub
# See https://dart.dev/tools/pub/glossary#lockfile
packages:
  characters:
    dependency: transitive
    description:
      name: characters
      sha256: f71061c654a3380576a52b451dd5532377954cf9dbd272a78fc8479606670803
      url: "https://pub.dev"
    source: hosted
    version: "1.4.0"
  collection:
    dependency: transitive
    description:
      name: collection
      sha256: "2f5709ae4d3d59dd8f7cd309b4e023046b57d8a6c82130785d2b0e5868084e76"
      url: "https://pub.dev"
    source: hosted
    version: "1.19.1"
  elementary:
    dependency: "direct main"
    description:
      name: elementary
      sha256: "0e8e5cc6039b0e9c42d23f8e579d98f2f7a1c3e8e4fc42e45b5a5ed88b68de6a"
      url: "https://pub.dev"
    source: hosted
    version: "3.2.0"
  elementary_helper:
    dependency: "direct main"
    description:
      name: elementary_helper
      sha256: "85b74b5fabb9c1ebad7d59db750e271bf8865a50d38cf889698f052f93d330ed"
      url: "https://pub.dev"
    source: hosted
    version: "1.0.2"
  flutter:
    dependency: "direct main"
    description: flutter
    source: sdk
    version: "0.0.0"
  material_color_utilities:
    dependency: transitive
    description:
      name: material_color_utilities
      sha256: f7142bb1154231d7ea5f96bc7bde4bda2a0945d2806bb11670e30b850d56bdec
      url: "https://pub.dev"
    source: hosted
    version: "0.11.1"
  meta:
    dependency: transitive
    description:
      name: meta
      sha256: e3641ec5d63ebf0d9b41bd43201a66e3fc79a65db5f61fc181f04cd27aab950c
      url: "https://pub.dev"
    source: hosted
    version: "1.16.0"
  nested:
    dependency: transitive
    description:
      name: nested
      sha256: "03bac4c528c64c95c722ec99280375a6f2fc708eec17c7b3f07253b626cd2a20"
      url: "https://pub.dev"
    source: hosted
    version: "1.0.0"
  provider:
    dependency: "direct main"
    description:
      name: provider
      sha256: "4abbd070a04e9ddc287673bf5a030c7ca8b685ff70218720abab8b092f53dd84"
      url: "https://pub.dev"
    source: hosted
    version: "6.1.5"
  sky_engine:
    dependency: transitive
    description: flutter
    source: sdk
    version: "0.0.0"
  state_notifier:
    dependency: "direct main"
    description:
      name: state_notifier
      sha256: b8677376aa54f2d7c58280d5a007f9e8774f1968d1fb1c096adcb4792fba29bb
      url: "https://pub.dev"
    source: hosted
    version: "1.0.0"
  vector_math:
    dependency: transitive
    description:
      name: vector_math
      sha256: "80b3257d1492ce4d091729e3a67a60407d227c27241d6927be0130c98e741803"
      url: "https://pub.dev"
    source: hosted
    version: "2.1.4"
sdks:
  dart: ">=3.7.0-0 <4.0.0"
  flutter: ">=3.10.0"
